
Microsoft Visual Studio Solution File, Format Version 10.00
# Visual C++ Express 2008
Project("{8BC9CEB8-8B4A-11D0-8D11-00A0C91BC942}") = "TimCore", "core\TimCore.vcproj", "{E643EDCE-54D8-4DC0-8DBB-5B7121906D7B}"
EndProject
Project("{8BC9CEB8-8B4A-11D0-8D11-00A0C91BC942}") = "TimMex", "mex\TimMex.vcproj", "{21768932-BCCB-4EC2-AF80-32F8334FB594}"
EndProject
Project("{8BC9CEB8-8B4A-11D0-8D11-00A0C91BC942}") = "TimCoreTest", "..\test\coretest\timcoretest.vcproj", "{66E30DC6-D769-4D04-AD28-58DD4C7E5A49}"
EndProject
Global
	GlobalSection(SolutionConfigurationPlatforms) = preSolution
		Debug|Win32 = Debug|Win32
		Release|Win32 = Release|Win32
	EndGlobalSection
	GlobalSection(ProjectConfigurationPlatforms) = postSolution
		{E643EDCE-54D8-4DC0-8DBB-5B7121906D7B}.Debug|Win32.ActiveCfg = Debug|Win32
		{E643EDCE-54D8-4DC0-8DBB-5B7121906D7B}.Debug|Win32.Build.0 = Debug|Win32
		{E643EDCE-54D8-4DC0-8DBB-5B7121906D7B}.Release|Win32.ActiveCfg = Release|Win32
		{E643EDCE-54D8-4DC0-8DBB-5B7121906D7B}.Release|Win32.Build.0 = Release|Win32
		{21768932-BCCB-4EC2-AF80-32F8334FB594}.Debug|Win32.ActiveCfg = Debug|Win32
		{21768932-BCCB-4EC2-AF80-32F8334FB594}.Debug|Win32.Build.0 = Debug|Win32
		{21768932-BCCB-4EC2-AF80-32F8334FB594}.Release|Win32.ActiveCfg = Release|Win32
		{21768932-BCCB-4EC2-AF80-32F8334FB594}.Release|Win32.Build.0 = Release|Win32
		{66E30DC6-D769-4D04-AD28-58DD4C7E5A49}.Debug|Win32.ActiveCfg = Debug|Win32
		{66E30DC6-D769-4D04-AD28-58DD4C7E5A49}.Debug|Win32.Build.0 = Debug|Win32
		{66E30DC6-D769-4D04-AD28-58DD4C7E5A49}.Release|Win32.ActiveCfg = Release|Win32
		{66E30DC6-D769-4D04-AD28-58DD4C7E5A49}.Release|Win32.Build.0 = Release|Win32
	EndGlobalSection
	GlobalSection(SolutionProperties) = preSolution
		HideSolutionNode = FALSE
	EndGlobalSection
EndGlobal
