<?xml version="1.0" encoding="utf-8"?>
<Project ToolsVersion="4.0" xmlns="http://schemas.microsoft.com/developer/msbuild/2003">
  <ItemGroup>
    <Filter Include="Delay embedding">
      <UniqueIdentifier>{03394e33-3062-4a7d-a47f-1e7e8d8d38cd}</UniqueIdentifier>
    </Filter>
    <Filter Include="Others">
      <UniqueIdentifier>{0800099e-0fa3-4294-a2e5-a8b969d49fce}</UniqueIdentifier>
    </Filter>
    <Filter Include="Estimators">
      <UniqueIdentifier>{fee07cbf-c5a0-4e62-9fa0-e5a9efa09631}</UniqueIdentifier>
    </Filter>
    <Filter Include="Estimators\Entropy">
      <UniqueIdentifier>{e636fb66-739d-4249-bf2a-d7c09a0e8acc}</UniqueIdentifier>
    </Filter>
    <Filter Include="Estimators\Entropy\Differential entropy">
      <UniqueIdentifier>{06b63bc3-ef92-416b-8bc7-f20fe330ad71}</UniqueIdentifier>
    </Filter>
    <Filter Include="Estimators\Entropy\Renyi entropy">
      <UniqueIdentifier>{a2e2ae13-fd32-485f-9a11-0d3fb4fa1fcb}</UniqueIdentifier>
    </Filter>
    <Filter Include="Estimators\Entropy\Tsallis entropy">
      <UniqueIdentifier>{b4fb0df0-b218-496a-a7f0-aa6203f06408}</UniqueIdentifier>
    </Filter>
    <Filter Include="Estimators\Entropy combination">
      <UniqueIdentifier>{045269a5-33bf-40c7-9aa2-c9594cefbddc}</UniqueIdentifier>
    </Filter>
    <Filter Include="Estimators\Entropy combination\Mutual information">
      <UniqueIdentifier>{6534f88f-e72b-4fe8-be62-f203e05af2bf}</UniqueIdentifier>
    </Filter>
    <Filter Include="Estimators\Entropy combination\Transfer entropy">
      <UniqueIdentifier>{6d7a8fc4-1dd6-4769-a08d-59c7cf253604}</UniqueIdentifier>
    </Filter>
    <Filter Include="Estimators\Divergence">
      <UniqueIdentifier>{6e2bfc5b-1dd0-468d-a626-d1ddfdcd4209}</UniqueIdentifier>
    </Filter>
    <Filter Include="Build files">
      <UniqueIdentifier>{3882bd5a-4e5b-43ea-8ea2-5f3377277f3d}</UniqueIdentifier>
    </Filter>
    <Filter Include="Help">
      <UniqueIdentifier>{8bfd926f-1e18-4449-9ead-21f468df18b4}</UniqueIdentifier>
    </Filter>
    <Filter Include="Implementation">
      <UniqueIdentifier>{3524ca25-a396-4ced-a945-d1d1f65efe0c}</UniqueIdentifier>
    </Filter>
  </ItemGroup>
  <ItemGroup>
    <None Include="support_functions.txt">
      <Filter>Others</Filter>
    </None>
    <None Include="divergence_wkv.m">
      <Filter>Estimators\Divergence</Filter>
    </None>
    <None Include="tim_matlab_help.txt">
      <Filter>Help</Filter>
    </None>
    <None Include="tim_matlab_impl.txt">
      <Filter>Implementation</Filter>
    </None>
    <None Include="tim_matlab.txt" />
    <None Include="+tim\differential_entropy_kl.m">
      <Filter>Estimators\Divergence</Filter>
    </None>
    <None Include="+tim\differential_entropy_kl_t.m">
      <Filter>Estimators\Divergence</Filter>
    </None>
    <None Include="+tim\differential_entropy_nk.m">
      <Filter>Estimators\Divergence</Filter>
    </None>
    <None Include="+tim\differential_entropy_sp.m">
      <Filter>Estimators\Divergence</Filter>
    </None>
    <None Include="+tim\mutual_information.m">
      <Filter>Estimators\Entropy combination\Mutual information</Filter>
    </None>
    <None Include="+tim\mutual_information_naive.m">
      <Filter>Estimators\Entropy combination\Mutual information</Filter>
    </None>
    <None Include="+tim\mutual_information_p.m">
      <Filter>Estimators\Entropy combination\Mutual information</Filter>
    </None>
    <None Include="+tim\mutual_information_pt.m">
      <Filter>Estimators\Entropy combination\Mutual information</Filter>
    </None>
    <None Include="+tim\mutual_information_t.m">
      <Filter>Estimators\Entropy combination\Mutual information</Filter>
    </None>
    <None Include="+tim\transfer_entropy.m">
      <Filter>Estimators\Entropy combination\Transfer entropy</Filter>
    </None>
    <None Include="+tim\transfer_entropy_p.m">
      <Filter>Estimators\Entropy combination\Transfer entropy</Filter>
    </None>
    <None Include="+tim\transfer_entropy_pt.m">
      <Filter>Estimators\Entropy combination\Transfer entropy</Filter>
    </None>
    <None Include="+tim\transfer_entropy_t.m">
      <Filter>Estimators\Entropy combination\Transfer entropy</Filter>
    </None>
    <None Include="+tim\compute_lagarray.m">
      <Filter>Implementation</Filter>
    </None>
    <None Include="+tim\concept_check.m">
      <Filter>Implementation</Filter>
    </None>
    <None Include="+tim\set_number_of_threads.m">
      <Filter>Others</Filter>
    </None>
    <None Include="+tim\number_of_processors.m">
      <Filter>Others</Filter>
    </None>
    <None Include="+tim\tsallis_entropy_lps_t.m">
      <Filter>Estimators\Entropy\Tsallis entropy</Filter>
    </None>
    <None Include="+tim\tsallis_entropy_lps.m">
      <Filter>Estimators\Entropy\Tsallis entropy</Filter>
    </None>
    <None Include="+tim\permutation_test.m">
      <Filter>Others</Filter>
    </None>
    <None Include="+tim\entropy_combination_t.m">
      <Filter>Estimators\Entropy combination</Filter>
    </None>
    <None Include="+tim\entropy_combination.m">
      <Filter>Estimators\Entropy combination</Filter>
    </None>
    <None Include="+tim\renyi_entropy_lps.m">
      <Filter>Estimators\Entropy\Renyi entropy</Filter>
    </None>
    <None Include="+tim\renyi_entropy_lps_t.m">
      <Filter>Estimators\Entropy\Renyi entropy</Filter>
    </None>
    <None Include="+tim\process_options.m">
      <Filter>Implementation</Filter>
    </None>
    <None Include="+tim\permute_pset.m">
      <Filter>Others</Filter>
    </None>
    <None Include="+tim\divergence_wkv.m">
      <Filter>Estimators\Divergence</Filter>
    </None>
    <None Include="+tim\tim_package.m">
      <Filter>Implementation</Filter>
    </None>
    <None Include="+tim\test_stuff.m">
      <Filter>Others</Filter>
    </None>
    <None Include="+tim\test_all.m">
      <Filter>Others</Filter>
    </None>
    <None Include="+tim\tim.m">
      <Filter>Help</Filter>
    </None>
    <None Include="..\..\build_tim.m">
      <Filter>Build files</Filter>
    </None>
    <None Include="+tim\delay_embed.m">
      <Filter>Delay embedding</Filter>
    </None>
    <None Include="+tim\delay_embed_future.m">
      <Filter>Delay embedding</Filter>
    </None>
    <None Include="+tim\tim_version.m">
      <Filter>Others</Filter>
    </None>
  </ItemGroup>
  <ItemGroup>
    <ClCompile Include="matlab_number_of_processors.cpp">
      <Filter>Others</Filter>
    </ClCompile>
    <ClCompile Include="matlab_set_number_of_threads.cpp">
      <Filter>Others</Filter>
    </ClCompile>
    <ClCompile Include="matlab_differential_entropy_kl.cpp">
      <Filter>Estimators\Entropy\Differential entropy</Filter>
    </ClCompile>
    <ClCompile Include="matlab_differential_entropy_kl_t.cpp">
      <Filter>Estimators\Entropy\Differential entropy</Filter>
    </ClCompile>
    <ClCompile Include="matlab_differential_entropy_nk.cpp">
      <Filter>Estimators\Entropy\Differential entropy</Filter>
    </ClCompile>
    <ClCompile Include="matlab_differential_entropy_sp.cpp">
      <Filter>Estimators\Entropy\Differential entropy</Filter>
    </ClCompile>
    <ClCompile Include="matlab_renyi_entropy_lps.cpp">
      <Filter>Estimators\Entropy\Renyi entropy</Filter>
    </ClCompile>
    <ClCompile Include="matlab_renyi_entropy_lps_t.cpp">
      <Filter>Estimators\Entropy\Renyi entropy</Filter>
    </ClCompile>
    <ClCompile Include="matlab_tsallis_entropy_lps.cpp">
      <Filter>Estimators\Entropy\Tsallis entropy</Filter>
    </ClCompile>
    <ClCompile Include="matlab_tsallis_entropy_lps_t.cpp">
      <Filter>Estimators\Entropy\Tsallis entropy</Filter>
    </ClCompile>
    <ClCompile Include="matlab_entropy_combination.cpp">
      <Filter>Estimators\Entropy combination</Filter>
    </ClCompile>
    <ClCompile Include="matlab_entropy_combination_t.cpp">
      <Filter>Estimators\Entropy combination</Filter>
    </ClCompile>
    <ClCompile Include="matlab_mutual_information_naive.cpp">
      <Filter>Estimators\Entropy combination\Mutual information</Filter>
    </ClCompile>
    <ClCompile Include="matlab_divergence_wkv.cpp">
      <Filter>Estimators\Divergence</Filter>
    </ClCompile>
    <ClCompile Include="tim_matlab.cpp">
      <Filter>Build files</Filter>
    </ClCompile>
  </ItemGroup>
  <ItemGroup>
    <ClInclude Include="tim_matlab.h">
      <Filter>Build files</Filter>
    </ClInclude>
    <ClInclude Include="tim_mex.h">
      <Filter>Implementation</Filter>
    </ClInclude>
    <ClInclude Include="tim_mex.hpp">
      <Filter>Implementation</Filter>
    </ClInclude>
  </ItemGroup>
</Project>